// !$*UTF8*$!
{
	archiveVersion = 1;
	classes = {
	};
	objectVersion = 50;
	objects = {

/* Begin PBXBuildFile section */
		922FAC8C2366F62B0045B321 /* AppDelegate.swift in Sources */ = {isa = PBXBuildFile; fileRef = 922FAC8B2366F62B0045B321 /* AppDelegate.swift */; };
		922FAC8E2366F62B0045B321 /* ViewController.swift in Sources */ = {isa = PBXBuildFile; fileRef = 922FAC8D2366F62B0045B321 /* ViewController.swift */; };
		922FAC912366F62B0045B321 /* Main.storyboard in Resources */ = {isa = PBXBuildFile; fileRef = 922FAC8F2366F62B0045B321 /* Main.storyboard */; };
		922FAC932366F62C0045B321 /* Assets.xcassets in Resources */ = {isa = PBXBuildFile; fileRef = 922FAC922366F62C0045B321 /* Assets.xcassets */; };
		922FAC962366F62C0045B321 /* LaunchScreen.storyboard in Resources */ = {isa = PBXBuildFile; fileRef = 922FAC942366F62C0045B321 /* LaunchScreen.storyboard */; };
		922FACA12366F62C0045B321 /* BalloonSliderTests.swift in Sources */ = {isa = PBXBuildFile; fileRef = 922FACA02366F62C0045B321 /* BalloonSliderTests.swift */; };
		922FACAC2366F62C0045B321 /* BalloonSliderUITests.swift in Sources */ = {isa = PBXBuildFile; fileRef = 922FACAB2366F62C0045B321 /* BalloonSliderUITests.swift */; };
/* End PBXBuildFile section */

/* Begin PBXContainerItemProxy section */
		922FAC9D2366F62C0045B321 /* PBXContainerItemProxy */ = {
			isa = PBXContainerItemProxy;
			containerPortal = 922FAC802366F62B0045B321 /* Project object */;
			proxyType = 1;
			remoteGlobalIDString = 922FAC872366F62B0045B321;
			remoteInfo = BalloonSlider;
		};
		922FACA82366F62C0045B321 /* PBXContainerItemProxy */ = {
			isa = PBXContainerItemProxy;
			containerPortal = 922FAC802366F62B0045B321 /* Project object */;
			proxyType = 1;
			remoteGlobalIDString = 922FAC872366F62B0045B321;
			remoteInfo = BalloonSlider;
		};
/* End PBXContainerItemProxy section */

/* Begin PBXFileReference section */
		922FAC882366F62B0045B321 /* BalloonSlider.app */ = {isa = PBXFileReference; explicitFileType = wrapper.application; includeInIndex = 0; path = BalloonSlider.app; sourceTree = BUILT_PRODUCTS_DIR; };
		922FAC8B2366F62B0045B321 /* AppDelegate.swift */ = {isa = PBXFileReference; lastKnownFileType = sourcecode.swift; path = AppDelegate.swift; sourceTree = "<group>"; };
		922FAC8D2366F62B0045B321 /* ViewController.swift */ = {isa = PBXFileReference; lastKnownFileType = sourcecode.swift; path = ViewController.swift; sourceTree = "<group>"; };
		922FAC902366F62B0045B321 /* Base */ = {isa = PBXFileReference; lastKnownFileType = file.storyboard; name = Base; path = Base.lproj/Main.storyboard; sourceTree = "<group>"; };
		922FAC922366F62C0045B321 /* Assets.xcassets */ = {isa = PBXFileReference; lastKnownFileType = folder.assetcatalog; path = Assets.xcassets; sourceTree = "<group>"; };
		922FAC952366F62C0045B321 /* Base */ = {isa = PBXFileReference; lastKnownFileType = file.storyboard; name = Base; path = Base.lproj/LaunchScreen.storyboard; sourceTree = "<group>"; };
		922FAC972366F62C0045B321 /* Info.plist */ = {isa = PBXFileReference; lastKnownFileType = text.plist.xml; path = Info.plist; sourceTree = "<group>"; };
		922FAC9C2366F62C0045B321 /* BalloonSliderTests.xctest */ = {isa = PBXFileReference; explicitFileType = wrapper.cfbundle; includeInIndex = 0; path = BalloonSliderTests.xctest; sourceTree = BUILT_PRODUCTS_DIR; };
		922FACA02366F62C0045B321 /* BalloonSliderTests.swift */ = {isa = PBXFileReference; lastKnownFileType = sourcecode.swift; path = BalloonSliderTests.swift; sourceTree = "<group>"; };
		922FACA22366F62C0045B321 /* Info.plist */ = {isa = PBXFileReference; lastKnownFileType = text.plist.xml; path = Info.plist; sourceTree = "<group>"; };
		922FACA72366F62C0045B321 /* BalloonSliderUITests.xctest */ = {isa = PBXFileReference; explicitFileType = wrapper.cfbundle; includeInIndex = 0; path = BalloonSliderUITests.xctest; sourceTree = BUILT_PRODUCTS_DIR; };
		922FACAB2366F62C0045B321 /* BalloonSliderUITests.swift */ = {isa = PBXFileReference; lastKnownFileType = sourcecode.swift; path = BalloonSliderUITests.swift; sourceTree = "<group>"; };
		922FACAD2366F62C0045B321 /* Info.plist */ = {isa = PBXFileReference; lastKnownFileType = text.plist.xml; path = Info.plist; sourceTree = "<group>"; };
/* End PBXFileReference section */

/* Begin PBXFrameworksBuildPhase section */
		922FAC852366F62B0045B321 /* Frameworks */ = {
			isa = PBXFrameworksBuildPhase;
			buildActionMask = 2147483647;
			files = (
			);
			runOnlyForDeploymentPostprocessing = 0;
		};
		922FAC992366F62C0045B321 /* Frameworks */ = {
			isa = PBXFrameworksBuildPhase;
			buildActionMask = 2147483647;
			files = (
			);
			runOnlyForDeploymentPostprocessing = 0;
		};
		922FACA42366F62C0045B321 /* Frameworks */ = {
			isa = PBXFrameworksBuildPhase;
			buildActionMask = 2147483647;
			files = (
			);
			runOnlyForDeploymentPostprocessing = 0;
		};
/* End PBXFrameworksBuildPhase section */

/* Begin PBXGroup section */
		922FAC7F2366F62B0045B321 = {
			isa = PBXGroup;
			children = (
				922FAC8A2366F62B0045B321 /* BalloonSlider */,
				922FAC9F2366F62C0045B321 /* BalloonSliderTests */,
				922FACAA2366F62C0045B321 /* BalloonSliderUITests */,
				922FAC892366F62B0045B321 /* Products */,
			);
			sourceTree = "<group>";
		};
		922FAC892366F62B0045B321 /* Products */ = {
			isa = PBXGroup;
			children = (
				922FAC882366F62B0045B321 /* BalloonSlider.app */,
				922FAC9C2366F62C0045B321 /* BalloonSliderTests.xctest */,
				922FACA72366F62C0045B321 /* BalloonSliderUITests.xctest */,
			);
			name = Products;
			sourceTree = "<group>";
		};
		922FAC8A2366F62B0045B321 /* BalloonSlider */ = {
			isa = PBXGroup;
			children = (
				922FAC8B2366F62B0045B321 /* AppDelegate.swift */,
				922FAC8D2366F62B0045B321 /* ViewController.swift */,
				922FAC8F2366F62B0045B321 /* Main.storyboard */,
				922FAC922366F62C0045B321 /* Assets.xcassets */,
				922FAC942366F62C0045B321 /* LaunchScreen.storyboard */,
				922FAC972366F62C0045B321 /* Info.plist */,
			);
			path = BalloonSlider;
			sourceTree = "<group>";
		};
		922FAC9F2366F62C0045B321 /* BalloonSliderTests */ = {
			isa = PBXGroup;
			children = (
				922FACA02366F62C0045B321 /* BalloonSliderTests.swift */,
				922FACA22366F62C0045B321 /* Info.plist */,
			);
			path = BalloonSliderTests;
			sourceTree = "<group>";
		};
		922FACAA2366F62C0045B321 /* BalloonSliderUITests */ = {
			isa = PBXGroup;
			children = (
				922FACAB2366F62C0045B321 /* BalloonSliderUITests.swift */,
				922FACAD2366F62C0045B321 /* Info.plist */,
			);
			path = BalloonSliderUITests;
			sourceTree = "<group>";
		};
/* End PBXGroup section */

/* Begin PBXNativeTarget section */
		922FAC872366F62B0045B321 /* BalloonSlider */ = {
			isa = PBXNativeTarget;
			buildConfigurationList = 922FACB02366F62C0045B321 /* Build configuration list for PBXNativeTarget "BalloonSlider" */;
			buildPhases = (
				922FAC842366F62B0045B321 /* Sources */,
				922FAC852366F62B0045B321 /* Frameworks */,
				922FAC862366F62B0045B321 /* Resources */,
			);
			buildRules = (
			);
			dependencies = (
			);
			name = BalloonSlider;
			productName = BalloonSlider;
			productReference = 922FAC882366F62B0045B321 /* BalloonSlider.app */;
			productType = "com.apple.product-type.application";
		};
		922FAC9B2366F62C0045B321 /* BalloonSliderTests */ = {
			isa = PBXNativeTarget;
			buildConfigurationList = 922FACB32366F62C0045B321 /* Build configuration list for PBXNativeTarget "BalloonSliderTests" */;
			buildPhases = (
				922FAC982366F62C0045B321 /* Sources */,
				922FAC992366F62C0045B321 /* Frameworks */,
				922FAC9A2366F62C0045B321 /* Resources */,
			);
			buildRules = (
			);
			dependencies = (
				922FAC9E2366F62C0045B321 /* PBXTargetDependency */,
			);
			name = BalloonSliderTests;
			productName = BalloonSliderTests;
			productReference = 922FAC9C2366F62C0045B321 /* BalloonSliderTests.xctest */;
			productType = "com.apple.product-type.bundle.unit-test";
		};
		922FACA62366F62C0045B321 /* BalloonSliderUITests */ = {
			isa = PBXNativeTarget;
			buildConfigurationList = 922FACB62366F62C0045B321 /* Build configuration list for PBXNativeTarget "BalloonSliderUITests" */;
			buildPhases = (
				922FACA32366F62C0045B321 /* Sources */,
				922FACA42366F62C0045B321 /* Frameworks */,
				922FACA52366F62C0045B321 /* Resources */,
			);
			buildRules = (
			);
			dependencies = (
				922FACA92366F62C0045B321 /* PBXTargetDependency */,
			);
			name = BalloonSliderUITests;
			productName = BalloonSliderUITests;
			productReference = 922FACA72366F62C0045B321 /* BalloonSliderUITests.xctest */;
			productType = "com.apple.product-type.bundle.ui-testing";
		};
/* End PBXNativeTarget section */

/* Begin PBXProject section */
		922FAC802366F62B0045B321 /* Project object */ = {
			isa = PBXProject;
			attributes = {
				LastSwiftUpdateCheck = 1010;
				LastUpgradeCheck = 1010;
				ORGANIZATIONNAME = pouyayarandi;
				TargetAttributes = {
					922FAC872366F62B0045B321 = {
						CreatedOnToolsVersion = 10.1;
					};
					922FAC9B2366F62C0045B321 = {
						CreatedOnToolsVersion = 10.1;
						TestTargetID = 922FAC872366F62B0045B321;
					};
					922FACA62366F62C0045B321 = {
						CreatedOnToolsVersion = 10.1;
						TestTargetID = 922FAC872366F62B0045B321;
					};
				};
			};
			buildConfigurationList = 922FAC832366F62B0045B321 /* Build configuration list for PBXProject "BalloonSlider" */;
			compatibilityVersion = "Xcode 9.3";
			developmentRegion = en;
			hasScannedForEncodings = 0;
			knownRegions = (
				en,
				Base,
			);
			mainGroup = 922FAC7F2366F62B0045B321;
			productRefGroup = 922FAC892366F62B0045B321 /* Products */;
			projectDirPath = "";
			projectRoot = "";
			targets = (
				922FAC872366F62B0045B321 /* BalloonSlider */,
				922FAC9B2366F62C0045B321 /* BalloonSliderTests */,
				922FACA62366F62C0045B321 /* BalloonSliderUITests */,
			);
		};
/* End PBXProject section */

/* Begin PBXResourcesBuildPhase section */
		922FAC862366F62B0045B321 /* Resources */ = {
			isa = PBXResourcesBuildPhase;
			buildActionMask = 2147483647;
			files = (
				922FAC962366F62C0045B321 /* LaunchScreen.storyboard in Resources */,
				922FAC932366F62C0045B321 /* Assets.xcassets in Resources */,
				922FAC912366F62B0045B321 /* Main.storyboard in Resources */,
			);
			runOnlyForDeploymentPostprocessing = 0;
		};
		922FAC9A2366F62C0045B321 /* Resources */ = {
			isa = PBXResourcesBuildPhase;
			buildActionMask = 2147483647;
			files = (
			);
			runOnlyForDeploymentPostprocessing = 0;
		};
		922FACA52366F62C0045B321 /* Resources */ = {
			isa = PBXResourcesBuildPhase;
			buildActionMask = 2147483647;
			files = (
			);
			runOnlyForDeploymentPostprocessing = 0;
		};
/* End PBXResourcesBuildPhase section */

/* Begin PBXSourcesBuildPhase section */
		922FAC842366F62B0045B321 /* Sources */ = {
			isa = PBXSourcesBuildPhase;
			buildActionMask = 2147483647;
			files = (
				922FAC8E2366F62B0045B321 /* ViewController.swift in Sources */,
				922FAC8C2366F62B0045B321 /* AppDelegate.swift in Sources */,
			);
			runOnlyForDeploymentPostprocessing = 0;
		};
		922FAC982366F62C0045B321 /* Sources */ = {
			isa = PBXSourcesBuildPhase;
			buildActionMask = 2147483647;
			files = (
				922FACA12366F62C0045B321 /* BalloonSliderTests.swift in Sources */,
			);
			runOnlyForDeploymentPostprocessing = 0;
		};
		922FACA32366F62C0045B321 /* Sources */ = {
			isa = PBXSourcesBuildPhase;
			buildActionMask = 2147483647;
			files = (
				922FACAC2366F62C0045B321 /* BalloonSliderUITests.swift in Sources */,
			);
			runOnlyForDeploymentPostprocessing = 0;
		};
/* End PBXSourcesBuildPhase section */

/* Begin PBXTargetDependency section */
		922FAC9E2366F62C0045B321 /* PBXTargetDependency */ = {
			isa = PBXTargetDependency;
			target = 922FAC872366F62B0045B321 /* BalloonSlider */;
			targetProxy = 922FAC9D2366F62C0045B321 /* PBXContainerItemProxy */;
		};
		922FACA92366F62C0045B321 /* PBXTargetDependency */ = {
			isa = PBXTargetDependency;
			target = 922FAC872366F62B0045B321 /* BalloonSlider */;
			targetProxy = 922FACA82366F62C0045B321 /* PBXContainerItemProxy */;
		};
/* End PBXTargetDependency section */

/* Begin PBXVariantGroup section */
		922FAC8F2366F62B0045B321 /* Main.storyboard */ = {
			isa = PBXVariantGroup;
			children = (
				922FAC902366F62B0045B321 /* Base */,
			);
			name = Main.storyboard;
			sourceTree = "<group>";
		};
		922FAC942366F62C0045B321 /* LaunchScreen.storyboard */ = {
			isa = PBXVariantGroup;
			children = (
				922FAC952366F62C0045B321 /* Base */,
			);
			name = LaunchScreen.storyboard;
			sourceTree = "<group>";
		};
/* End PBXVariantGroup section */

/* Begin XCBuildConfiguration section */
		922FACAE2366F62C0045B321 /* Debug */ = {
			isa = XCBuildConfiguration;
			buildSettings = {
				ALWAYS_SEARCH_USER_PATHS = NO;
				CLANG_ANALYZER_NONNULL = YES;
				CLANG_ANALYZER_NUMBER_OBJECT_CONVERSION = YES_AGGRESSIVE;
				CLANG_CXX_LANGUAGE_STANDARD = "gnu++14";
				CLANG_CXX_LIBRARY = "libc++";
				CLANG_ENABLE_MODULES = YES;
				CLANG_ENABLE_OBJC_ARC = YES;
				CLANG_ENABLE_OBJC_WEAK = YES;
				CLANG_WARN_BLOCK_CAPTURE_AUTORELEASING = YES;
				CLANG_WARN_BOOL_CONVERSION = YES;
				CLANG_WARN_COMMA = YES;
				CLANG_WARN_CONSTANT_CONVERSION = YES;
				CLANG_WARN_DEPRECATED_OBJC_IMPLEMENTATIONS = YES;
				CLANG_WARN_DIRECT_OBJC_ISA_USAGE = YES_ERROR;
				CLANG_WARN_DOCUMENTATION_COMMENTS = YES;
				CLANG_WARN_EMPTY_BODY = YES;
				CLANG_WARN_ENUM_CONVERSION = YES;
				CLANG_WARN_INFINITE_RECURSION = YES;
				CLANG_WARN_INT_CONVERSION = YES;
				CLANG_WARN_NON_LITERAL_NULL_CONVERSION = YES;
				CLANG_WARN_OBJC_IMPLICIT_RETAIN_SELF = YES;
				CLANG_WARN_OBJC_LITERAL_CONVERSION = YES;
				CLANG_WARN_OBJC_ROOT_CLASS = YES_ERROR;
				CLANG_WARN_RANGE_LOOP_ANALYSIS = YES;
				CLANG_WARN_STRICT_PROTOTYPES = YES;
				CLANG_WARN_SUSPICIOUS_MOVE = YES;
				CLANG_WARN_UNGUARDED_AVAILABILITY = YES_AGGRESSIVE;
				CLANG_WARN_UNREACHABLE_CODE = YES;
				CLANG_WARN__DUPLICATE_METHOD_MATCH = YES;
				CODE_SIGN_IDENTITY = "iPhone Developer";
				COPY_PHASE_STRIP = NO;
				DEBUG_INFORMATION_FORMAT = dwarf;
				ENABLE_STRICT_OBJC_MSGSEND = YES;
				ENABLE_TESTABILITY = YES;
				GCC_C_LANGUAGE_STANDARD = gnu11;
				GCC_DYNAMIC_NO_PIC = NO;
				GCC_NO_COMMON_BLOCKS = YES;
				GCC_OPTIMIZATION_LEVEL = 0;
				GCC_PREPROCESSOR_DEFINITIONS = (
					"DEBUG=1",
					"$(inherited)",
				);
				GCC_WARN_64_TO_32_BIT_CONVERSION = YES;
				GCC_WARN_ABOUT_RETURN_TYPE = YES_ERROR;
				GCC_WARN_UNDECLARED_SELECTOR = YES;
				GCC_WARN_UNINITIALIZED_AUTOS = YES_AGGRESSIVE;
				GCC_WARN_UNUSED_FUNCTION = YES;
				GCC_WARN_UNUSED_VARIABLE = YES;
				IPHONEOS_DEPLOYMENT_TARGET = 12.1;
				MTL_ENABLE_DEBUG_INFO = INCLUDE_SOURCE;
				MTL_FAST_MATH = YES;
				ONLY_ACTIVE_ARCH = YES;
				SDKROOT = iphoneos;
				SWIFT_ACTIVE_COMPILATION_CONDITIONS = DEBUG;
				SWIFT_OPTIMIZATION_LEVEL = "-Onone";
			};
			name = Debug;
		};
		922FACAF2366F62C0045B321 /* Release */ = {
			isa = XCBuildConfiguration;
			buildSettings = {
				ALWAYS_SEARCH_USER_PATHS = NO;
				CLANG_ANALYZER_NONNULL = YES;
				CLANG_ANALYZER_NUMBER_OBJECT_CONVERSION = YES_AGGRESSIVE;
				CLANG_CXX_LANGUAGE_STANDARD = "gnu++14";
				CLANG_CXX_LIBRARY = "libc++";
				CLANG_ENABLE_MODULES = YES;
				CLANG_ENABLE_OBJC_ARC = YES;
				CLANG_ENABLE_OBJC_WEAK = YES;
				CLANG_WARN_BLOCK_CAPTURE_AUTORELEASING = YES;
				CLANG_WARN_BOOL_CONVERSION = YES;
				CLANG_WARN_COMMA = YES;
				CLANG_WARN_CONSTANT_CONVERSION = YES;
				CLANG_WARN_DEPRECATED_OBJC_IMPLEMENTATIONS = YES;
				CLANG_WARN_DIRECT_OBJC_ISA_USAGE = YES_ERROR;
				CLANG_WARN_DOCUMENTATION_COMMENTS = YES;
				CLANG_WARN_EMPTY_BODY = YES;
				CLANG_WARN_ENUM_CONVERSION = YES;
				CLANG_WARN_INFINITE_RECURSION = YES;
				CLANG_WARN_INT_CONVERSION = YES;
				CLANG_WARN_NON_LITERAL_NULL_CONVERSION = YES;
				CLANG_WARN_OBJC_IMPLICIT_RETAIN_SELF = YES;
				CLANG_WARN_OBJC_LITERAL_CONVERSION = YES;
				CLANG_WARN_OBJC_ROOT_CLASS = YES_ERROR;
				CLANG_WARN_RANGE_LOOP_ANALYSIS = YES;
				CLANG_WARN_STRICT_PROTOTYPES = YES;
				CLANG_WARN_SUSPICIOUS_MOVE = YES;
				CLANG_WARN_UNGUARDED_AVAILABILITY = YES_AGGRESSIVE;
				CLANG_WARN_UNREACHABLE_CODE = YES;
				CLANG_WARN__DUPLICATE_METHOD_MATCH = YES;
				CODE_SIGN_IDENTITY = "iPhone Developer";
				COPY_PHASE_STRIP = NO;
				DEBUG_INFORMATION_FORMAT = "dwarf-with-dsym";
				ENABLE_NS_ASSERTIONS = NO;
				ENABLE_STRICT_OBJC_MSGSEND = YES;
				GCC_C_LANGUAGE_STANDARD = gnu11;
				GCC_NO_COMMON_BLOCKS = YES;
				GCC_WARN_64_TO_32_BIT_CONVERSION = YES;
				GCC_WARN_ABOUT_RETURN_TYPE = YES_ERROR;
				GCC_WARN_UNDECLARED_SELECTOR = YES;
				GCC_WARN_UNINITIALIZED_AUTOS = YES_AGGRESSIVE;
				GCC_WARN_UNUSED_FUNCTION = YES;
				GCC_WARN_UNUSED_VARIABLE = YES;
				IPHONEOS_DEPLOYMENT_TARGET = 12.1;
				MTL_ENABLE_DEBUG_INFO = NO;
				MTL_FAST_MATH = YES;
				SDKROOT = iphoneos;
				SWIFT_COMPILATION_MODE = wholemodule;
				SWIFT_OPTIMIZATION_LEVEL = "-O";
				VALIDATE_PRODUCT = YES;
			};
			name = Release;
		};
		922FACB12366F62C0045B321 /* Debug */ = {
			isa = XCBuildConfiguration;
			buildSettings = {
				ASSETCATALOG_COMPILER_APPICON_NAME = AppIcon;
				CODE_SIGN_STYLE = Automatic;
				DEVELOPMENT_TEAM = Z5GH44G8KH;
				INFOPLIST_FILE = BalloonSlider/Info.plist;
				LD_RUNPATH_SEARCH_PATHS = (
					"$(inherited)",
					"@executable_path/Frameworks",
				);
				PRODUCT_BUNDLE_IDENTIFIER = com.pouyayarandi.BalloonSlider;
				PRODUCT_NAME = "$(TARGET_NAME)";
				SWIFT_VERSION = 4.2;
				TARGETED_DEVICE_FAMILY = "1,2";
			};
			name = Debug;
		};
		922FACB22366F62C0045B321 /* Release */ = {
			isa = XCBuildConfiguration;
			buildSettings = {
				ASSETCATALOG_COMPILER_APPICON_NAME = AppIcon;
				CODE_SIGN_STYLE = Automatic;
				DEVELOPMENT_TEAM = Z5GH44G8KH;
				INFOPLIST_FILE = BalloonSlider/Info.plist;
				LD_RUNPATH_SEARCH_PATHS = (
					"$(inherited)",
					"@executable_path/Frameworks",
				);
				PRODUCT_BUNDLE_IDENTIFIER = com.pouyayarandi.BalloonSlider;
				PRODUCT_NAME = "$(TARGET_NAME)";
				SWIFT_VERSION = 4.2;
				TARGETED_DEVICE_FAMILY = "1,2";
			};
			name = Release;
		};
		922FACB42366F62C0045B321 /* Debug */ = {
			isa = XCBuildConfiguration;
			buildSettings = {
				ALWAYS_EMBED_SWIFT_STANDARD_LIBRARIES = YES;
				BUNDLE_LOADER = "$(TEST_HOST)";
				CODE_SIGN_STYLE = Automatic;
				DEVELOPMENT_TEAM = Z5GH44G8KH;
				INFOPLIST_FILE = BalloonSliderTests/Info.plist;
				LD_RUNPATH_SEARCH_PATHS = (
					"$(inherited)",
					"@executable_path/Frameworks",
					"@loader_path/Frameworks",
				);
				PRODUCT_BUNDLE_IDENTIFIER = com.pouyayarandi.BalloonSliderTests;
				PRODUCT_NAME = "$(TARGET_NAME)";
				SWIFT_VERSION = 4.2;
				TARGETED_DEVICE_FAMILY = "1,2";
				TEST_HOST = "$(BUILT_PRODUCTS_DIR)/BalloonSlider.app/BalloonSlider";
			};
			name = Debug;
		};
		922FACB52366F62C0045B321 /* Release */ = {
			isa = XCBuildConfiguration;
			buildSettings = {
				ALWAYS_EMBED_SWIFT_STANDARD_LIBRARIES = YES;
				BUNDLE_LOADER = "$(TEST_HOST)";
				CODE_SIGN_STYLE = Automatic;
				DEVELOPMENT_TEAM = Z5GH44G8KH;
				INFOPLIST_FILE = BalloonSliderTests/Info.plist;
				LD_RUNPATH_SEARCH_PATHS = (
					"$(inherited)",
					"@executable_path/Frameworks",
					"@loader_path/Frameworks",
				);
				PRODUCT_BUNDLE_IDENTIFIER = com.pouyayarandi.BalloonSliderTests;
				PRODUCT_NAME = "$(TARGET_NAME)";
				SWIFT_VERSION = 4.2;
				TARGETED_DEVICE_FAMILY = "1,2";
				TEST_HOST = "$(BUILT_PRODUCTS_DIR)/BalloonSlider.app/BalloonSlider";
			};
			name = Release;
		};
		922FACB72366F62C0045B321 /* Debug */ = {
			isa = XCBuildConfiguration;
			buildSettings = {
				ALWAYS_EMBED_SWIFT_STANDARD_LIBRARIES = YES;
				CODE_SIGN_STYLE = Automatic;
				DEVELOPMENT_TEAM = Z5GH44G8KH;
				INFOPLIST_FILE = BalloonSliderUITests/Info.plist;
				LD_RUNPATH_SEARCH_PATHS = (
					"$(inherited)",
					"@executable_path/Frameworks",
					"@loader_path/Frameworks",
				);
				PRODUCT_BUNDLE_IDENTIFIER = com.pouyayarandi.BalloonSliderUITests;
				PRODUCT_NAME = "$(TARGET_NAME)";
				SWIFT_VERSION = 4.2;
				TARGETED_DEVICE_FAMILY = "1,2";
				TEST_TARGET_NAME = BalloonSlider;
			};
			name = Debug;
		};
		922FACB82366F62C0045B321 /* Release */ = {
			isa = XCBuildConfiguration;
			buildSettings = {
				ALWAYS_EMBED_SWIFT_STANDARD_LIBRARIES = YES;
				CODE_SIGN_STYLE = Automatic;
				DEVELOPMENT_TEAM = Z5GH44G8KH;
				INFOPLIST_FILE = BalloonSliderUITests/Info.plist;
				LD_RUNPATH_SEARCH_PATHS = (
					"$(inherited)",
					"@executable_path/Frameworks",
					"@loader_path/Frameworks",
				);
				PRODUCT_BUNDLE_IDENTIFIER = com.pouyayarandi.BalloonSliderUITests;
				PRODUCT_NAME = "$(TARGET_NAME)";
				SWIFT_VERSION = 4.2;
				TARGETED_DEVICE_FAMILY = "1,2";
				TEST_TARGET_NAME = BalloonSlider;
			};
			name = Release;
		};
/* End XCBuildConfiguration section */

/* Begin XCConfigurationList section */
		922FAC832366F62B0045B321 /* Build configuration list for PBXProject "BalloonSlider" */ = {
			isa = XCConfigurationList;
			buildConfigurations = (
				922FACAE2366F62C0045B321 /* Debug */,
				922FACAF2366F62C0045B321 /* Release */,
			);
			defaultConfigurationIsVisible = 0;
			defaultConfigurationName = Release;
		};
		922FACB02366F62C0045B321 /* Build configuration list for PBXNativeTarget "BalloonSlider" */ = {
			isa = XCConfigurationList;
			buildConfigurations = (
				922FACB12366F62C0045B321 /* Debug */,
				922FACB22366F62C0045B321 /* Release */,
			);
			defaultConfigurationIsVisible = 0;
			defaultConfigurationName = Release;
		};
		922FACB32366F62C0045B321 /* Build configuration list for PBXNativeTarget "BalloonSliderTests" */ = {
			isa = XCConfigurationList;
			buildConfigurations = (
				922FACB42366F62C0045B321 /* Debug */,
				922FACB52366F62C0045B321 /* Release */,
			);
			defaultConfigurationIsVisible = 0;
			defaultConfigurationName = Release;
		};
		922FACB62366F62C0045B321 /* Build configuration list for PBXNativeTarget "BalloonSliderUITests" */ = {
			isa = XCConfigurationList;
			buildConfigurations = (
				922FACB72366F62C0045B321 /* Debug */,
				922FACB82366F62C0045B321 /* Release */,
			);
			defaultConfigurationIsVisible = 0;
			defaultConfigurationName = Release;
		};
/* End XCConfigurationList section */
	};
	rootObject = 922FAC802366F62B0045B321 /* Project object */;
}
